
Microsoft Visual Studio Solution File, Format Version 12.00
# Visual Studio Version 16
VisualStudioVersion = 16.0.808.4
MinimumVisualStudioVersion = 10.0.40219.1
Project("{FAE04EC0-301F-11D3-BF4B-00C04F79EFBC}") = "BookStore", "BookStore\BookStore.csproj", "{94E872F6-CF87-4E00-8B02-0AFE02D046CB}"
EndProject
Global
	GlobalSection(SolutionConfigurationPlatforms) = preSolution
		Debug|Any CPU = Debug|Any CPU
		Release|Any CPU = Release|Any CPU
	EndGlobalSection
	GlobalSection(ProjectConfigurationPlatforms) = postSolution
		{94E872F6-CF87-4E00-8B02-0AFE02D046CB}.Debug|Any CPU.ActiveCfg = Debug|Any CPU
		{94E872F6-CF87-4E00-8B02-0AFE02D046CB}.Debug|Any CPU.Build.0 = Debug|Any CPU
		{94E872F6-CF87-4E00-8B02-0AFE02D046CB}.Release|Any CPU.ActiveCfg = Release|Any CPU
		{94E872F6-CF87-4E00-8B02-0AFE02D046CB}.Release|Any CPU.Build.0 = Release|Any CPU
	EndGlobalSection
	GlobalSection(SolutionProperties) = preSolution
		HideSolutionNode = FALSE
	EndGlobalSection
	GlobalSection(ExtensibilityGlobals) = postSolution
		SolutionGuid = {764023B0-1832-46D5-AF65-6B42412ABB0D}
	EndGlobalSection
EndGlobal
